
Microsoft Visual Studio Solution File, Format Version 12.00
# Visual Studio Version 16
VisualStudioVersion = 16.0.30114.105
MinimumVisualStudioVersion = 10.0.40219.1
Project("{FAE04EC0-301F-11D3-BF4B-00C04F79EFBC}") = "HMSystem", "HMSystem\HMSystem.csproj", "{EFFCDEF1-41E8-4758-9FD9-FDC9CF640965}"
EndProject
Project("{FAE04EC0-301F-11D3-BF4B-00C04F79EFBC}") = "HMSystem.Entities", "HMSystem.Entities\HMSystem.Entities.csproj", "{47F4CF7B-9C8E-40DA-A1B1-A5FF5742C884}"
EndProject
Global
	GlobalSection(SolutionConfigurationPlatforms) = preSolution
		Debug|Any CPU = Debug|Any CPU
		Release|Any CPU = Release|Any CPU
	EndGlobalSection
	GlobalSection(ProjectConfigurationPlatforms) = postSolution
		{EFFCDEF1-41E8-4758-9FD9-FDC9CF640965}.Debug|Any CPU.ActiveCfg = Debug|Any CPU
		{EFFCDEF1-41E8-4758-9FD9-FDC9CF640965}.Debug|Any CPU.Build.0 = Debug|Any CPU
		{EFFCDEF1-41E8-4758-9FD9-FDC9CF640965}.Release|Any CPU.ActiveCfg = Release|Any CPU
		{EFFCDEF1-41E8-4758-9FD9-FDC9CF640965}.Release|Any CPU.Build.0 = Release|Any CPU
		{47F4CF7B-9C8E-40DA-A1B1-A5FF5742C884}.Debug|Any CPU.ActiveCfg = Debug|Any CPU
		{47F4CF7B-9C8E-40DA-A1B1-A5FF5742C884}.Debug|Any CPU.Build.0 = Debug|Any CPU
		{47F4CF7B-9C8E-40DA-A1B1-A5FF5742C884}.Release|Any CPU.ActiveCfg = Release|Any CPU
		{47F4CF7B-9C8E-40DA-A1B1-A5FF5742C884}.Release|Any CPU.Build.0 = Release|Any CPU
	EndGlobalSection
	GlobalSection(SolutionProperties) = preSolution
		HideSolutionNode = FALSE
	EndGlobalSection
	GlobalSection(ExtensibilityGlobals) = postSolution
		SolutionGuid = {674E773E-C8ED-4ED8-A422-C598C2404143}
	EndGlobalSection
EndGlobal
